// !$*UTF8*$!
{
	archiveVersion = 1;
	classes = {
	};
	objectVersion = 46;
	objects = {

/* Begin PBXBuildFile section */
		03B7F876A83BA3B95EA40B36 /* Pods_TimelineKeeping.framework in Frameworks */ = {isa = PBXBuildFile; fileRef = B9DC619DEEFDE423655AD2C4 /* Pods_TimelineKeeping.framework */; };
		0EA94BBEAA631DB13A0E5554 /* Pods_TimelineKeepingUITests.framework in Frameworks */ = {isa = PBXBuildFile; fileRef = E0D6D7EE6F15EBBB77D99E71 /* Pods_TimelineKeepingUITests.framework */; };
		A61A805C1D77E2900082E80F /* AppDelegate.swift in Sources */ = {isa = PBXBuildFile; fileRef = A61A805B1D77E2900082E80F /* AppDelegate.swift */; };
		A61A80611D77E2900082E80F /* Main.storyboard in Resources */ = {isa = PBXBuildFile; fileRef = A61A805F1D77E2900082E80F /* Main.storyboard */; };
		A61A80631D77E2900082E80F /* Assets.xcassets in Resources */ = {isa = PBXBuildFile; fileRef = A61A80621D77E2900082E80F /* Assets.xcassets */; };
		A61A80661D77E2900082E80F /* LaunchScreen.storyboard in Resources */ = {isa = PBXBuildFile; fileRef = A61A80641D77E2900082E80F /* LaunchScreen.storyboard */; };
		A61A80711D77E2900082E80F /* TimelineKeepingTests.swift in Sources */ = {isa = PBXBuildFile; fileRef = A61A80701D77E2900082E80F /* TimelineKeepingTests.swift */; };
		A61A807C1D77E2900082E80F /* TimelineKeepingUITests.swift in Sources */ = {isa = PBXBuildFile; fileRef = A61A807B1D77E2900082E80F /* TimelineKeepingUITests.swift */; };
		A652E2231D8716F2003C6C86 /* APIRequest.swift in Sources */ = {isa = PBXBuildFile; fileRef = A652E2221D8716F2003C6C86 /* APIRequest.swift */; };
		A652E2251D871700003C6C86 /* APIRequestProtocol.swift in Sources */ = {isa = PBXBuildFile; fileRef = A652E2241D871700003C6C86 /* APIRequestProtocol.swift */; };
		A652E2271D871707003C6C86 /* APIDefine.swift in Sources */ = {isa = PBXBuildFile; fileRef = A652E2261D871707003C6C86 /* APIDefine.swift */; };
		A6A765B71D85728900A79643 /* Camera.swift in Sources */ = {isa = PBXBuildFile; fileRef = A6A765B61D85728900A79643 /* Camera.swift */; };
		A6A765B91D85728D00A79643 /* CameraViewController.swift in Sources */ = {isa = PBXBuildFile; fileRef = A6A765B81D85728D00A79643 /* CameraViewController.swift */; };
		A6A765BB1D85D65000A79643 /* ShowInfoViewController.swift in Sources */ = {isa = PBXBuildFile; fileRef = A6A765BA1D85D65000A79643 /* ShowInfoViewController.swift */; };
		A6A765BD1D85D7C900A79643 /* ReminderTableCell.swift in Sources */ = {isa = PBXBuildFile; fileRef = A6A765BC1D85D7C900A79643 /* ReminderTableCell.swift */; };
		DD7D4056BFEBD683FD399A3F /* Pods_TimelineKeepingTests.framework in Frameworks */ = {isa = PBXBuildFile; fileRef = 7656841AAF0CCE1CD3524A66 /* Pods_TimelineKeepingTests.framework */; };
/* End PBXBuildFile section */

/* Begin PBXContainerItemProxy section */
		A61A806D1D77E2900082E80F /* PBXContainerItemProxy */ = {
			isa = PBXContainerItemProxy;
			containerPortal = A61A80501D77E2900082E80F /* Project object */;
			proxyType = 1;
			remoteGlobalIDString = A61A80571D77E2900082E80F;
			remoteInfo = TimelineKeeping;
		};
		A61A80781D77E2900082E80F /* PBXContainerItemProxy */ = {
			isa = PBXContainerItemProxy;
			containerPortal = A61A80501D77E2900082E80F /* Project object */;
			proxyType = 1;
			remoteGlobalIDString = A61A80571D77E2900082E80F;
			remoteInfo = TimelineKeeping;
		};
/* End PBXContainerItemProxy section */

/* Begin PBXFileReference section */
		033A86382F62DA8336B563E0 /* Pods-TimelineKeeping.debug.xcconfig */ = {isa = PBXFileReference; includeInIndex = 1; lastKnownFileType = text.xcconfig; name = "Pods-TimelineKeeping.debug.xcconfig"; path = "Pods/Target Support Files/Pods-TimelineKeeping/Pods-TimelineKeeping.debug.xcconfig"; sourceTree = "<group>"; };
		7656841AAF0CCE1CD3524A66 /* Pods_TimelineKeepingTests.framework */ = {isa = PBXFileReference; explicitFileType = wrapper.framework; includeInIndex = 0; path = Pods_TimelineKeepingTests.framework; sourceTree = BUILT_PRODUCTS_DIR; };
		A61A80581D77E2900082E80F /* TimelineKeeping.app */ = {isa = PBXFileReference; explicitFileType = wrapper.application; includeInIndex = 0; path = TimelineKeeping.app; sourceTree = BUILT_PRODUCTS_DIR; };
		A61A805B1D77E2900082E80F /* AppDelegate.swift */ = {isa = PBXFileReference; lastKnownFileType = sourcecode.swift; path = AppDelegate.swift; sourceTree = "<group>"; };
		A61A80601D77E2900082E80F /* Base */ = {isa = PBXFileReference; lastKnownFileType = file.storyboard; name = Base; path = Base.lproj/Main.storyboard; sourceTree = "<group>"; };
		A61A80621D77E2900082E80F /* Assets.xcassets */ = {isa = PBXFileReference; lastKnownFileType = folder.assetcatalog; path = Assets.xcassets; sourceTree = "<group>"; };
		A61A80651D77E2900082E80F /* Base */ = {isa = PBXFileReference; lastKnownFileType = file.storyboard; name = Base; path = Base.lproj/LaunchScreen.storyboard; sourceTree = "<group>"; };
		A61A80671D77E2900082E80F /* Info.plist */ = {isa = PBXFileReference; lastKnownFileType = text.plist.xml; path = Info.plist; sourceTree = "<group>"; };
		A61A806C1D77E2900082E80F /* TimelineKeepingTests.xctest */ = {isa = PBXFileReference; explicitFileType = wrapper.cfbundle; includeInIndex = 0; path = TimelineKeepingTests.xctest; sourceTree = BUILT_PRODUCTS_DIR; };
		A61A80701D77E2900082E80F /* TimelineKeepingTests.swift */ = {isa = PBXFileReference; lastKnownFileType = sourcecode.swift; path = TimelineKeepingTests.swift; sourceTree = "<group>"; };
		A61A80721D77E2900082E80F /* Info.plist */ = {isa = PBXFileReference; lastKnownFileType = text.plist.xml; path = Info.plist; sourceTree = "<group>"; };
		A61A80771D77E2900082E80F /* TimelineKeepingUITests.xctest */ = {isa = PBXFileReference; explicitFileType = wrapper.cfbundle; includeInIndex = 0; path = TimelineKeepingUITests.xctest; sourceTree = BUILT_PRODUCTS_DIR; };
		A61A807B1D77E2900082E80F /* TimelineKeepingUITests.swift */ = {isa = PBXFileReference; lastKnownFileType = sourcecode.swift; path = TimelineKeepingUITests.swift; sourceTree = "<group>"; };
		A61A807D1D77E2900082E80F /* Info.plist */ = {isa = PBXFileReference; lastKnownFileType = text.plist.xml; path = Info.plist; sourceTree = "<group>"; };
		A652E2221D8716F2003C6C86 /* APIRequest.swift */ = {isa = PBXFileReference; fileEncoding = 4; lastKnownFileType = sourcecode.swift; path = APIRequest.swift; sourceTree = "<group>"; };
		A652E2241D871700003C6C86 /* APIRequestProtocol.swift */ = {isa = PBXFileReference; fileEncoding = 4; lastKnownFileType = sourcecode.swift; path = APIRequestProtocol.swift; sourceTree = "<group>"; };
		A652E2261D871707003C6C86 /* APIDefine.swift */ = {isa = PBXFileReference; fileEncoding = 4; lastKnownFileType = sourcecode.swift; path = APIDefine.swift; sourceTree = "<group>"; };
		A6A765B61D85728900A79643 /* Camera.swift */ = {isa = PBXFileReference; fileEncoding = 4; lastKnownFileType = sourcecode.swift; path = Camera.swift; sourceTree = "<group>"; };
		A6A765B81D85728D00A79643 /* CameraViewController.swift */ = {isa = PBXFileReference; fileEncoding = 4; lastKnownFileType = sourcecode.swift; path = CameraViewController.swift; sourceTree = "<group>"; };
		A6A765BA1D85D65000A79643 /* ShowInfoViewController.swift */ = {isa = PBXFileReference; fileEncoding = 4; lastKnownFileType = sourcecode.swift; path = ShowInfoViewController.swift; sourceTree = "<group>"; };
		A6A765BC1D85D7C900A79643 /* ReminderTableCell.swift */ = {isa = PBXFileReference; fileEncoding = 4; lastKnownFileType = sourcecode.swift; path = ReminderTableCell.swift; sourceTree = "<group>"; };
		A7698FC94D4EB56B275C7A23 /* Pods-TimelineKeeping.release.xcconfig */ = {isa = PBXFileReference; includeInIndex = 1; lastKnownFileType = text.xcconfig; name = "Pods-TimelineKeeping.release.xcconfig"; path = "Pods/Target Support Files/Pods-TimelineKeeping/Pods-TimelineKeeping.release.xcconfig"; sourceTree = "<group>"; };
		B306A19F1029B41CDBAD0F9C /* Pods-TimelineKeepingTests.release.xcconfig */ = {isa = PBXFileReference; includeInIndex = 1; lastKnownFileType = text.xcconfig; name = "Pods-TimelineKeepingTests.release.xcconfig"; path = "Pods/Target Support Files/Pods-TimelineKeepingTests/Pods-TimelineKeepingTests.release.xcconfig"; sourceTree = "<group>"; };
		B9DC619DEEFDE423655AD2C4 /* Pods_TimelineKeeping.framework */ = {isa = PBXFileReference; explicitFileType = wrapper.framework; includeInIndex = 0; path = Pods_TimelineKeeping.framework; sourceTree = BUILT_PRODUCTS_DIR; };
		E0D6D7EE6F15EBBB77D99E71 /* Pods_TimelineKeepingUITests.framework */ = {isa = PBXFileReference; explicitFileType = wrapper.framework; includeInIndex = 0; path = Pods_TimelineKeepingUITests.framework; sourceTree = BUILT_PRODUCTS_DIR; };
		E1687C719CC450E72F286861 /* Pods-TimelineKeepingUITests.release.xcconfig */ = {isa = PBXFileReference; includeInIndex = 1; lastKnownFileType = text.xcconfig; name = "Pods-TimelineKeepingUITests.release.xcconfig"; path = "Pods/Target Support Files/Pods-TimelineKeepingUITests/Pods-TimelineKeepingUITests.release.xcconfig"; sourceTree = "<group>"; };
		E8DE89DCC4256A5259A78248 /* Pods-TimelineKeepingTests.debug.xcconfig */ = {isa = PBXFileReference; includeInIndex = 1; lastKnownFileType = text.xcconfig; name = "Pods-TimelineKeepingTests.debug.xcconfig"; path = "Pods/Target Support Files/Pods-TimelineKeepingTests/Pods-TimelineKeepingTests.debug.xcconfig"; sourceTree = "<group>"; };
		FFB754651222D45BBD9758D1 /* Pods-TimelineKeepingUITests.debug.xcconfig */ = {isa = PBXFileReference; includeInIndex = 1; lastKnownFileType = text.xcconfig; name = "Pods-TimelineKeepingUITests.debug.xcconfig"; path = "Pods/Target Support Files/Pods-TimelineKeepingUITests/Pods-TimelineKeepingUITests.debug.xcconfig"; sourceTree = "<group>"; };
/* End PBXFileReference section */

/* Begin PBXFrameworksBuildPhase section */
		A61A80551D77E2900082E80F /* Frameworks */ = {
			isa = PBXFrameworksBuildPhase;
			buildActionMask = 2147483647;
			files = (
				03B7F876A83BA3B95EA40B36 /* Pods_TimelineKeeping.framework in Frameworks */,
			);
			runOnlyForDeploymentPostprocessing = 0;
		};
		A61A80691D77E2900082E80F /* Frameworks */ = {
			isa = PBXFrameworksBuildPhase;
			buildActionMask = 2147483647;
			files = (
				DD7D4056BFEBD683FD399A3F /* Pods_TimelineKeepingTests.framework in Frameworks */,
			);
			runOnlyForDeploymentPostprocessing = 0;
		};
		A61A80741D77E2900082E80F /* Frameworks */ = {
			isa = PBXFrameworksBuildPhase;
			buildActionMask = 2147483647;
			files = (
				0EA94BBEAA631DB13A0E5554 /* Pods_TimelineKeepingUITests.framework in Frameworks */,
			);
			runOnlyForDeploymentPostprocessing = 0;
		};
/* End PBXFrameworksBuildPhase section */

/* Begin PBXGroup section */
		48CC87AC6229CF4ED33168A4 /* Frameworks */ = {
			isa = PBXGroup;
			children = (
				B9DC619DEEFDE423655AD2C4 /* Pods_TimelineKeeping.framework */,
				7656841AAF0CCE1CD3524A66 /* Pods_TimelineKeepingTests.framework */,
				E0D6D7EE6F15EBBB77D99E71 /* Pods_TimelineKeepingUITests.framework */,
			);
			name = Frameworks;
			sourceTree = "<group>";
		};
		A61A804F1D77E2900082E80F = {
			isa = PBXGroup;
			children = (
				A61A805A1D77E2900082E80F /* TimelineKeeping */,
				A61A806F1D77E2900082E80F /* TimelineKeepingTests */,
				A61A807A1D77E2900082E80F /* TimelineKeepingUITests */,
				A61A80591D77E2900082E80F /* Products */,
				E8EC83DB7136E33B230E819B /* Pods */,
				48CC87AC6229CF4ED33168A4 /* Frameworks */,
			);
			sourceTree = "<group>";
		};
		A61A80591D77E2900082E80F /* Products */ = {
			isa = PBXGroup;
			children = (
				A61A80581D77E2900082E80F /* TimelineKeeping.app */,
				A61A806C1D77E2900082E80F /* TimelineKeepingTests.xctest */,
				A61A80771D77E2900082E80F /* TimelineKeepingUITests.xctest */,
			);
			name = Products;
			sourceTree = "<group>";
		};
		A61A805A1D77E2900082E80F /* TimelineKeeping */ = {
			isa = PBXGroup;
			children = (
				A61A808E1D77E2CC0082E80F /* Model */,
				A61A808D1D77E2C30082E80F /* View */,
				A61A808C1D77E2BE0082E80F /* Controller */,
				A652E2201D8716D3003C6C86 /* Service */,
				A61A808A1D77E2A50082E80F /* Storyboard */,
				A61A80891D77E2990082E80F /* AppDelegate */,
				A61A80621D77E2900082E80F /* Assets.xcassets */,
				A61A808B1D77E2AD0082E80F /* Support */,
			);
			path = TimelineKeeping;
			sourceTree = "<group>";
		};
		A61A806F1D77E2900082E80F /* TimelineKeepingTests */ = {
			isa = PBXGroup;
			children = (
				A61A80701D77E2900082E80F /* TimelineKeepingTests.swift */,
				A61A80721D77E2900082E80F /* Info.plist */,
			);
			path = TimelineKeepingTests;
			sourceTree = "<group>";
		};
		A61A807A1D77E2900082E80F /* TimelineKeepingUITests */ = {
			isa = PBXGroup;
			children = (
				A61A807B1D77E2900082E80F /* TimelineKeepingUITests.swift */,
				A61A807D1D77E2900082E80F /* Info.plist */,
			);
			path = TimelineKeepingUITests;
			sourceTree = "<group>";
		};
		A61A80891D77E2990082E80F /* AppDelegate */ = {
			isa = PBXGroup;
			children = (
				A61A805B1D77E2900082E80F /* AppDelegate.swift */,
			);
			name = AppDelegate;
			sourceTree = "<group>";
		};
		A61A808A1D77E2A50082E80F /* Storyboard */ = {
			isa = PBXGroup;
			children = (
				A61A80641D77E2900082E80F /* LaunchScreen.storyboard */,
				A61A805F1D77E2900082E80F /* Main.storyboard */,
			);
			name = Storyboard;
			sourceTree = "<group>";
		};
		A61A808B1D77E2AD0082E80F /* Support */ = {
			isa = PBXGroup;
			children = (
				A61A80671D77E2900082E80F /* Info.plist */,
			);
			name = Support;
			sourceTree = "<group>";
		};
		A61A808C1D77E2BE0082E80F /* Controller */ = {
			isa = PBXGroup;
			children = (
				A6A765B81D85728D00A79643 /* CameraViewController.swift */,
				A6A765BA1D85D65000A79643 /* ShowInfoViewController.swift */,
			);
			name = Controller;
			sourceTree = "<group>";
		};
		A61A808D1D77E2C30082E80F /* View */ = {
			isa = PBXGroup;
			children = (
				A6A765BC1D85D7C900A79643 /* ReminderTableCell.swift */,
			);
			name = View;
			sourceTree = "<group>";
		};
		A61A808E1D77E2CC0082E80F /* Model */ = {
			isa = PBXGroup;
			children = (
				A6A765B61D85728900A79643 /* Camera.swift */,
			);
			name = Model;
			sourceTree = "<group>";
		};
		A652E2201D8716D3003C6C86 /* Service */ = {
			isa = PBXGroup;
			children = (
				A652E2211D8716E1003C6C86 /* Network */,
			);
			name = Service;
			sourceTree = "<group>";
		};
		A652E2211D8716E1003C6C86 /* Network */ = {
			isa = PBXGroup;
			children = (
				A652E2261D871707003C6C86 /* APIDefine.swift */,
				A652E2241D871700003C6C86 /* APIRequestProtocol.swift */,
				A652E2221D8716F2003C6C86 /* APIRequest.swift */,
			);
			name = Network;
			sourceTree = "<group>";
		};
		E8EC83DB7136E33B230E819B /* Pods */ = {
			isa = PBXGroup;
			children = (
				033A86382F62DA8336B563E0 /* Pods-TimelineKeeping.debug.xcconfig */,
				A7698FC94D4EB56B275C7A23 /* Pods-TimelineKeeping.release.xcconfig */,
				E8DE89DCC4256A5259A78248 /* Pods-TimelineKeepingTests.debug.xcconfig */,
				B306A19F1029B41CDBAD0F9C /* Pods-TimelineKeepingTests.release.xcconfig */,
				FFB754651222D45BBD9758D1 /* Pods-TimelineKeepingUITests.debug.xcconfig */,
				E1687C719CC450E72F286861 /* Pods-TimelineKeepingUITests.release.xcconfig */,
			);
			name = Pods;
			sourceTree = "<group>";
		};
/* End PBXGroup section */

/* Begin PBXNativeTarget section */
		A61A80571D77E2900082E80F /* TimelineKeeping */ = {
			isa = PBXNativeTarget;
			buildConfigurationList = A61A80801D77E2900082E80F /* Build configuration list for PBXNativeTarget "TimelineKeeping" */;
			buildPhases = (
				DE83E8F182D67194C9D1C367 /* [CP] Check Pods Manifest.lock */,
				A61A80541D77E2900082E80F /* Sources */,
				A61A80551D77E2900082E80F /* Frameworks */,
				A61A80561D77E2900082E80F /* Resources */,
				EE09A2833D0EDB224A1F69FF /* [CP] Embed Pods Frameworks */,
				76E5BE6DDE9F491B5B697F62 /* [CP] Copy Pods Resources */,
			);
			buildRules = (
			);
			dependencies = (
			);
			name = TimelineKeeping;
			productName = TimelineKeeping;
			productReference = A61A80581D77E2900082E80F /* TimelineKeeping.app */;
			productType = "com.apple.product-type.application";
		};
		A61A806B1D77E2900082E80F /* TimelineKeepingTests */ = {
			isa = PBXNativeTarget;
			buildConfigurationList = A61A80831D77E2900082E80F /* Build configuration list for PBXNativeTarget "TimelineKeepingTests" */;
			buildPhases = (
				B1D886B8E8AD99488C3101DA /* [CP] Check Pods Manifest.lock */,
				A61A80681D77E2900082E80F /* Sources */,
				A61A80691D77E2900082E80F /* Frameworks */,
				A61A806A1D77E2900082E80F /* Resources */,
				3F7C5F7BCC017FED53BD07E2 /* [CP] Embed Pods Frameworks */,
				739395CBB7DBA9D1887DE948 /* [CP] Copy Pods Resources */,
			);
			buildRules = (
			);
			dependencies = (
				A61A806E1D77E2900082E80F /* PBXTargetDependency */,
			);
			name = TimelineKeepingTests;
			productName = TimelineKeepingTests;
			productReference = A61A806C1D77E2900082E80F /* TimelineKeepingTests.xctest */;
			productType = "com.apple.product-type.bundle.unit-test";
		};
		A61A80761D77E2900082E80F /* TimelineKeepingUITests */ = {
			isa = PBXNativeTarget;
			buildConfigurationList = A61A80861D77E2900082E80F /* Build configuration list for PBXNativeTarget "TimelineKeepingUITests" */;
			buildPhases = (
				33BD369D659D22ABFB340952 /* [CP] Check Pods Manifest.lock */,
				A61A80731D77E2900082E80F /* Sources */,
				A61A80741D77E2900082E80F /* Frameworks */,
				A61A80751D77E2900082E80F /* Resources */,
				9EE51986CD3A7585846E2418 /* [CP] Embed Pods Frameworks */,
				5FF878DBCCC699FF713F709B /* [CP] Copy Pods Resources */,
			);
			buildRules = (
			);
			dependencies = (
				A61A80791D77E2900082E80F /* PBXTargetDependency */,
			);
			name = TimelineKeepingUITests;
			productName = TimelineKeepingUITests;
			productReference = A61A80771D77E2900082E80F /* TimelineKeepingUITests.xctest */;
			productType = "com.apple.product-type.bundle.ui-testing";
		};
/* End PBXNativeTarget section */

/* Begin PBXProject section */
		A61A80501D77E2900082E80F /* Project object */ = {
			isa = PBXProject;
			attributes = {
				LastSwiftUpdateCheck = 0730;
				LastUpgradeCheck = 0730;
				ORGANIZATIONNAME = "Le Thanh Tan";
				TargetAttributes = {
					A61A80571D77E2900082E80F = {
						CreatedOnToolsVersion = 7.3.1;
					};
					A61A806B1D77E2900082E80F = {
						CreatedOnToolsVersion = 7.3.1;
						TestTargetID = A61A80571D77E2900082E80F;
					};
					A61A80761D77E2900082E80F = {
						CreatedOnToolsVersion = 7.3.1;
						TestTargetID = A61A80571D77E2900082E80F;
					};
				};
			};
			buildConfigurationList = A61A80531D77E2900082E80F /* Build configuration list for PBXProject "TimelineKeeping" */;
			compatibilityVersion = "Xcode 3.2";
			developmentRegion = English;
			hasScannedForEncodings = 0;
			knownRegions = (
				en,
				Base,
			);
			mainGroup = A61A804F1D77E2900082E80F;
			productRefGroup = A61A80591D77E2900082E80F /* Products */;
			projectDirPath = "";
			projectRoot = "";
			targets = (
				A61A80571D77E2900082E80F /* TimelineKeeping */,
				A61A806B1D77E2900082E80F /* TimelineKeepingTests */,
				A61A80761D77E2900082E80F /* TimelineKeepingUITests */,
			);
		};
/* End PBXProject section */

/* Begin PBXResourcesBuildPhase section */
		A61A80561D77E2900082E80F /* Resources */ = {
			isa = PBXResourcesBuildPhase;
			buildActionMask = 2147483647;
			files = (
				A61A80661D77E2900082E80F /* LaunchScreen.storyboard in Resources */,
				A61A80631D77E2900082E80F /* Assets.xcassets in Resources */,
				A61A80611D77E2900082E80F /* Main.storyboard in Resources */,
			);
			runOnlyForDeploymentPostprocessing = 0;
		};
		A61A806A1D77E2900082E80F /* Resources */ = {
			isa = PBXResourcesBuildPhase;
			buildActionMask = 2147483647;
			files = (
			);
			runOnlyForDeploymentPostprocessing = 0;
		};
		A61A80751D77E2900082E80F /* Resources */ = {
			isa = PBXResourcesBuildPhase;
			buildActionMask = 2147483647;
			files = (
			);
			runOnlyForDeploymentPostprocessing = 0;
		};
/* End PBXResourcesBuildPhase section */

/* Begin PBXShellScriptBuildPhase section */
		33BD369D659D22ABFB340952 /* [CP] Check Pods Manifest.lock */ = {
			isa = PBXShellScriptBuildPhase;
			buildActionMask = 2147483647;
			files = (
			);
			inputPaths = (
			);
			name = "[CP] Check Pods Manifest.lock";
			outputPaths = (
			);
			runOnlyForDeploymentPostprocessing = 0;
			shellPath = /bin/sh;
			shellScript = "diff \"${PODS_ROOT}/../Podfile.lock\" \"${PODS_ROOT}/Manifest.lock\" > /dev/null\nif [ $? != 0 ] ; then\n    # print error to STDERR\n    echo \"error: The sandbox is not in sync with the Podfile.lock. Run 'pod install' or update your CocoaPods installation.\" >&2\n    exit 1\nfi\n";
			showEnvVarsInLog = 0;
		};
		3F7C5F7BCC017FED53BD07E2 /* [CP] Embed Pods Frameworks */ = {
			isa = PBXShellScriptBuildPhase;
			buildActionMask = 2147483647;
			files = (
			);
			inputPaths = (
			);
			name = "[CP] Embed Pods Frameworks";
			outputPaths = (
			);
			runOnlyForDeploymentPostprocessing = 0;
			shellPath = /bin/sh;
			shellScript = "\"${SRCROOT}/Pods/Target Support Files/Pods-TimelineKeepingTests/Pods-TimelineKeepingTests-frameworks.sh\"\n";
			showEnvVarsInLog = 0;
		};
		5FF878DBCCC699FF713F709B /* [CP] Copy Pods Resources */ = {
			isa = PBXShellScriptBuildPhase;
			buildActionMask = 2147483647;
			files = (
			);
			inputPaths = (
			);
			name = "[CP] Copy Pods Resources";
			outputPaths = (
			);
			runOnlyForDeploymentPostprocessing = 0;
			shellPath = /bin/sh;
			shellScript = "\"${SRCROOT}/Pods/Target Support Files/Pods-TimelineKeepingUITests/Pods-TimelineKeepingUITests-resources.sh\"\n";
			showEnvVarsInLog = 0;
		};
		739395CBB7DBA9D1887DE948 /* [CP] Copy Pods Resources */ = {
			isa = PBXShellScriptBuildPhase;
			buildActionMask = 2147483647;
			files = (
			);
			inputPaths = (
			);
			name = "[CP] Copy Pods Resources";
			outputPaths = (
			);
			runOnlyForDeploymentPostprocessing = 0;
			shellPath = /bin/sh;
			shellScript = "\"${SRCROOT}/Pods/Target Support Files/Pods-TimelineKeepingTests/Pods-TimelineKeepingTests-resources.sh\"\n";
			showEnvVarsInLog = 0;
		};
		76E5BE6DDE9F491B5B697F62 /* [CP] Copy Pods Resources */ = {
			isa = PBXShellScriptBuildPhase;
			buildActionMask = 2147483647;
			files = (
			);
			inputPaths = (
			);
			name = "[CP] Copy Pods Resources";
			outputPaths = (
			);
			runOnlyForDeploymentPostprocessing = 0;
			shellPath = /bin/sh;
			shellScript = "\"${SRCROOT}/Pods/Target Support Files/Pods-TimelineKeeping/Pods-TimelineKeeping-resources.sh\"\n";
			showEnvVarsInLog = 0;
		};
		9EE51986CD3A7585846E2418 /* [CP] Embed Pods Frameworks */ = {
			isa = PBXShellScriptBuildPhase;
			buildActionMask = 2147483647;
			files = (
			);
			inputPaths = (
			);
			name = "[CP] Embed Pods Frameworks";
			outputPaths = (
			);
			runOnlyForDeploymentPostprocessing = 0;
			shellPath = /bin/sh;
			shellScript = "\"${SRCROOT}/Pods/Target Support Files/Pods-TimelineKeepingUITests/Pods-TimelineKeepingUITests-frameworks.sh\"\n";
			showEnvVarsInLog = 0;
		};
		B1D886B8E8AD99488C3101DA /* [CP] Check Pods Manifest.lock */ = {
			isa = PBXShellScriptBuildPhase;
			buildActionMask = 2147483647;
			files = (
			);
			inputPaths = (
			);
			name = "[CP] Check Pods Manifest.lock";
			outputPaths = (
			);
			runOnlyForDeploymentPostprocessing = 0;
			shellPath = /bin/sh;
			shellScript = "diff \"${PODS_ROOT}/../Podfile.lock\" \"${PODS_ROOT}/Manifest.lock\" > /dev/null\nif [ $? != 0 ] ; then\n    # print error to STDERR\n    echo \"error: The sandbox is not in sync with the Podfile.lock. Run 'pod install' or update your CocoaPods installation.\" >&2\n    exit 1\nfi\n";
			showEnvVarsInLog = 0;
		};
		DE83E8F182D67194C9D1C367 /* [CP] Check Pods Manifest.lock */ = {
			isa = PBXShellScriptBuildPhase;
			buildActionMask = 2147483647;
			files = (
			);
			inputPaths = (
			);
			name = "[CP] Check Pods Manifest.lock";
			outputPaths = (
			);
			runOnlyForDeploymentPostprocessing = 0;
			shellPath = /bin/sh;
			shellScript = "diff \"${PODS_ROOT}/../Podfile.lock\" \"${PODS_ROOT}/Manifest.lock\" > /dev/null\nif [ $? != 0 ] ; then\n    # print error to STDERR\n    echo \"error: The sandbox is not in sync with the Podfile.lock. Run 'pod install' or update your CocoaPods installation.\" >&2\n    exit 1\nfi\n";
			showEnvVarsInLog = 0;
		};
		EE09A2833D0EDB224A1F69FF /* [CP] Embed Pods Frameworks */ = {
			isa = PBXShellScriptBuildPhase;
			buildActionMask = 2147483647;
			files = (
			);
			inputPaths = (
			);
			name = "[CP] Embed Pods Frameworks";
			outputPaths = (
			);
			runOnlyForDeploymentPostprocessing = 0;
			shellPath = /bin/sh;
			shellScript = "\"${SRCROOT}/Pods/Target Support Files/Pods-TimelineKeeping/Pods-TimelineKeeping-frameworks.sh\"\n";
			showEnvVarsInLog = 0;
		};
/* End PBXShellScriptBuildPhase section */

/* Begin PBXSourcesBuildPhase section */
		A61A80541D77E2900082E80F /* Sources */ = {
			isa = PBXSourcesBuildPhase;
			buildActionMask = 2147483647;
			files = (
				A6A765B91D85728D00A79643 /* CameraViewController.swift in Sources */,
				A6A765B71D85728900A79643 /* Camera.swift in Sources */,
				A6A765BD1D85D7C900A79643 /* ReminderTableCell.swift in Sources */,
				A61A805C1D77E2900082E80F /* AppDelegate.swift in Sources */,
				A652E2251D871700003C6C86 /* APIRequestProtocol.swift in Sources */,
				A652E2231D8716F2003C6C86 /* APIRequest.swift in Sources */,
				A6A765BB1D85D65000A79643 /* ShowInfoViewController.swift in Sources */,
				A652E2271D871707003C6C86 /* APIDefine.swift in Sources */,
			);
			runOnlyForDeploymentPostprocessing = 0;
		};
		A61A80681D77E2900082E80F /* Sources */ = {
			isa = PBXSourcesBuildPhase;
			buildActionMask = 2147483647;
			files = (
				A61A80711D77E2900082E80F /* TimelineKeepingTests.swift in Sources */,
			);
			runOnlyForDeploymentPostprocessing = 0;
		};
		A61A80731D77E2900082E80F /* Sources */ = {
			isa = PBXSourcesBuildPhase;
			buildActionMask = 2147483647;
			files = (
				A61A807C1D77E2900082E80F /* TimelineKeepingUITests.swift in Sources */,
			);
			runOnlyForDeploymentPostprocessing = 0;
		};
/* End PBXSourcesBuildPhase section */

/* Begin PBXTargetDependency section */
		A61A806E1D77E2900082E80F /* PBXTargetDependency */ = {
			isa = PBXTargetDependency;
			target = A61A80571D77E2900082E80F /* TimelineKeeping */;
			targetProxy = A61A806D1D77E2900082E80F /* PBXContainerItemProxy */;
		};
		A61A80791D77E2900082E80F /* PBXTargetDependency */ = {
			isa = PBXTargetDependency;
			target = A61A80571D77E2900082E80F /* TimelineKeeping */;
			targetProxy = A61A80781D77E2900082E80F /* PBXContainerItemProxy */;
		};
/* End PBXTargetDependency section */

/* Begin PBXVariantGroup section */
		A61A805F1D77E2900082E80F /* Main.storyboard */ = {
			isa = PBXVariantGroup;
			children = (
				A61A80601D77E2900082E80F /* Base */,
			);
			name = Main.storyboard;
			sourceTree = "<group>";
		};
		A61A80641D77E2900082E80F /* LaunchScreen.storyboard */ = {
			isa = PBXVariantGroup;
			children = (
				A61A80651D77E2900082E80F /* Base */,
			);
			name = LaunchScreen.storyboard;
			sourceTree = "<group>";
		};
/* End PBXVariantGroup section */

/* Begin XCBuildConfiguration section */
		A61A807E1D77E2900082E80F /* Debug */ = {
			isa = XCBuildConfiguration;
			buildSettings = {
				ALWAYS_SEARCH_USER_PATHS = NO;
				CLANG_ANALYZER_NONNULL = YES;
				CLANG_CXX_LANGUAGE_STANDARD = "gnu++0x";
				CLANG_CXX_LIBRARY = "libc++";
				CLANG_ENABLE_MODULES = YES;
				CLANG_ENABLE_OBJC_ARC = YES;
				CLANG_WARN_BOOL_CONVERSION = YES;
				CLANG_WARN_CONSTANT_CONVERSION = YES;
				CLANG_WARN_DIRECT_OBJC_ISA_USAGE = YES_ERROR;
				CLANG_WARN_EMPTY_BODY = YES;
				CLANG_WARN_ENUM_CONVERSION = YES;
				CLANG_WARN_INT_CONVERSION = YES;
				CLANG_WARN_OBJC_ROOT_CLASS = YES_ERROR;
				CLANG_WARN_UNREACHABLE_CODE = YES;
				CLANG_WARN__DUPLICATE_METHOD_MATCH = YES;
				"CODE_SIGN_IDENTITY[sdk=iphoneos*]" = "iPhone Developer";
				COPY_PHASE_STRIP = NO;
				DEBUG_INFORMATION_FORMAT = dwarf;
				ENABLE_STRICT_OBJC_MSGSEND = YES;
				ENABLE_TESTABILITY = YES;
				GCC_C_LANGUAGE_STANDARD = gnu99;
				GCC_DYNAMIC_NO_PIC = NO;
				GCC_NO_COMMON_BLOCKS = YES;
				GCC_OPTIMIZATION_LEVEL = 0;
				GCC_PREPROCESSOR_DEFINITIONS = (
					"DEBUG=1",
					"$(inherited)",
				);
				GCC_WARN_64_TO_32_BIT_CONVERSION = YES;
				GCC_WARN_ABOUT_RETURN_TYPE = YES_ERROR;
				GCC_WARN_UNDECLARED_SELECTOR = YES;
				GCC_WARN_UNINITIALIZED_AUTOS = YES_AGGRESSIVE;
				GCC_WARN_UNUSED_FUNCTION = YES;
				GCC_WARN_UNUSED_VARIABLE = YES;
				IPHONEOS_DEPLOYMENT_TARGET = 9.3;
				MTL_ENABLE_DEBUG_INFO = YES;
				ONLY_ACTIVE_ARCH = YES;
				SDKROOT = iphoneos;
				SWIFT_OPTIMIZATION_LEVEL = "-Onone";
				TARGETED_DEVICE_FAMILY = "1,2";
			};
			name = Debug;
		};
		A61A807F1D77E2900082E80F /* Release */ = {
			isa = XCBuildConfiguration;
			buildSettings = {
				ALWAYS_SEARCH_USER_PATHS = NO;
				CLANG_ANALYZER_NONNULL = YES;
				CLANG_CXX_LANGUAGE_STANDARD = "gnu++0x";
				CLANG_CXX_LIBRARY = "libc++";
				CLANG_ENABLE_MODULES = YES;
				CLANG_ENABLE_OBJC_ARC = YES;
				CLANG_WARN_BOOL_CONVERSION = YES;
				CLANG_WARN_CONSTANT_CONVERSION = YES;
				CLANG_WARN_DIRECT_OBJC_ISA_USAGE = YES_ERROR;
				CLANG_WARN_EMPTY_BODY = YES;
				CLANG_WARN_ENUM_CONVERSION = YES;
				CLANG_WARN_INT_CONVERSION = YES;
				CLANG_WARN_OBJC_ROOT_CLASS = YES_ERROR;
				CLANG_WARN_UNREACHABLE_CODE = YES;
				CLANG_WARN__DUPLICATE_METHOD_MATCH = YES;
				"CODE_SIGN_IDENTITY[sdk=iphoneos*]" = "iPhone Developer";
				COPY_PHASE_STRIP = NO;
				DEBUG_INFORMATION_FORMAT = "dwarf-with-dsym";
				ENABLE_NS_ASSERTIONS = NO;
				ENABLE_STRICT_OBJC_MSGSEND = YES;
				GCC_C_LANGUAGE_STANDARD = gnu99;
				GCC_NO_COMMON_BLOCKS = YES;
				GCC_WARN_64_TO_32_BIT_CONVERSION = YES;
				GCC_WARN_ABOUT_RETURN_TYPE = YES_ERROR;
				GCC_WARN_UNDECLARED_SELECTOR = YES;
				GCC_WARN_UNINITIALIZED_AUTOS = YES_AGGRESSIVE;
				GCC_WARN_UNUSED_FUNCTION = YES;
				GCC_WARN_UNUSED_VARIABLE = YES;
				IPHONEOS_DEPLOYMENT_TARGET = 9.3;
				MTL_ENABLE_DEBUG_INFO = NO;
				SDKROOT = iphoneos;
				TARGETED_DEVICE_FAMILY = "1,2";
				VALIDATE_PRODUCT = YES;
			};
			name = Release;
		};
		A61A80811D77E2900082E80F /* Debug */ = {
			isa = XCBuildConfiguration;
			baseConfigurationReference = 033A86382F62DA8336B563E0 /* Pods-TimelineKeeping.debug.xcconfig */;
			buildSettings = {
				ASSETCATALOG_COMPILER_APPICON_NAME = AppIcon;
				INFOPLIST_FILE = TimelineKeeping/Info.plist;
				LD_RUNPATH_SEARCH_PATHS = "$(inherited) @executable_path/Frameworks";
				PRODUCT_BUNDLE_IDENTIFIER = com.lethanhtan.TimelineKeeping;
				PRODUCT_NAME = "$(TARGET_NAME)";
			};
			name = Debug;
		};
		A61A80821D77E2900082E80F /* Release */ = {
			isa = XCBuildConfiguration;
			baseConfigurationReference = A7698FC94D4EB56B275C7A23 /* Pods-TimelineKeeping.release.xcconfig */;
			buildSettings = {
				ASSETCATALOG_COMPILER_APPICON_NAME = AppIcon;
				INFOPLIST_FILE = TimelineKeeping/Info.plist;
				LD_RUNPATH_SEARCH_PATHS = "$(inherited) @executable_path/Frameworks";
				PRODUCT_BUNDLE_IDENTIFIER = com.lethanhtan.TimelineKeeping;
				PRODUCT_NAME = "$(TARGET_NAME)";
			};
			name = Release;
		};
		A61A80841D77E2900082E80F /* Debug */ = {
			isa = XCBuildConfiguration;
			baseConfigurationReference = E8DE89DCC4256A5259A78248 /* Pods-TimelineKeepingTests.debug.xcconfig */;
			buildSettings = {
				BUNDLE_LOADER = "$(TEST_HOST)";
				INFOPLIST_FILE = TimelineKeepingTests/Info.plist;
				LD_RUNPATH_SEARCH_PATHS = "$(inherited) @executable_path/Frameworks @loader_path/Frameworks";
				PRODUCT_BUNDLE_IDENTIFIER = com.lethanhtan.TimelineKeepingTests;
				PRODUCT_NAME = "$(TARGET_NAME)";
				TEST_HOST = "$(BUILT_PRODUCTS_DIR)/TimelineKeeping.app/TimelineKeeping";
			};
			name = Debug;
		};
		A61A80851D77E2900082E80F /* Release */ = {
			isa = XCBuildConfiguration;
			baseConfigurationReference = B306A19F1029B41CDBAD0F9C /* Pods-TimelineKeepingTests.release.xcconfig */;
			buildSettings = {
				BUNDLE_LOADER = "$(TEST_HOST)";
				INFOPLIST_FILE = TimelineKeepingTests/Info.plist;
				LD_RUNPATH_SEARCH_PATHS = "$(inherited) @executable_path/Frameworks @loader_path/Frameworks";
				PRODUCT_BUNDLE_IDENTIFIER = com.lethanhtan.TimelineKeepingTests;
				PRODUCT_NAME = "$(TARGET_NAME)";
				TEST_HOST = "$(BUILT_PRODUCTS_DIR)/TimelineKeeping.app/TimelineKeeping";
			};
			name = Release;
		};
		A61A80871D77E2900082E80F /* Debug */ = {
			isa = XCBuildConfiguration;
			baseConfigurationReference = FFB754651222D45BBD9758D1 /* Pods-TimelineKeepingUITests.debug.xcconfig */;
			buildSettings = {
				INFOPLIST_FILE = TimelineKeepingUITests/Info.plist;
				LD_RUNPATH_SEARCH_PATHS = "$(inherited) @executable_path/Frameworks @loader_path/Frameworks";
				PRODUCT_BUNDLE_IDENTIFIER = com.lethanhtan.TimelineKeepingUITests;
				PRODUCT_NAME = "$(TARGET_NAME)";
				TEST_TARGET_NAME = TimelineKeeping;
			};
			name = Debug;
		};
		A61A80881D77E2900082E80F /* Release */ = {
			isa = XCBuildConfiguration;
			baseConfigurationReference = E1687C719CC450E72F286861 /* Pods-TimelineKeepingUITests.release.xcconfig */;
			buildSettings = {
				INFOPLIST_FILE = TimelineKeepingUITests/Info.plist;
				LD_RUNPATH_SEARCH_PATHS = "$(inherited) @executable_path/Frameworks @loader_path/Frameworks";
				PRODUCT_BUNDLE_IDENTIFIER = com.lethanhtan.TimelineKeepingUITests;
				PRODUCT_NAME = "$(TARGET_NAME)";
				TEST_TARGET_NAME = TimelineKeeping;
			};
			name = Release;
		};
/* End XCBuildConfiguration section */

/* Begin XCConfigurationList section */
		A61A80531D77E2900082E80F /* Build configuration list for PBXProject "TimelineKeeping" */ = {
			isa = XCConfigurationList;
			buildConfigurations = (
				A61A807E1D77E2900082E80F /* Debug */,
				A61A807F1D77E2900082E80F /* Release */,
			);
			defaultConfigurationIsVisible = 0;
			defaultConfigurationName = Release;
		};
		A61A80801D77E2900082E80F /* Build configuration list for PBXNativeTarget "TimelineKeeping" */ = {
			isa = XCConfigurationList;
			buildConfigurations = (
				A61A80811D77E2900082E80F /* Debug */,
				A61A80821D77E2900082E80F /* Release */,
			);
			defaultConfigurationIsVisible = 0;
			defaultConfigurationName = Release;
		};
		A61A80831D77E2900082E80F /* Build configuration list for PBXNativeTarget "TimelineKeepingTests" */ = {
			isa = XCConfigurationList;
			buildConfigurations = (
				A61A80841D77E2900082E80F /* Debug */,
				A61A80851D77E2900082E80F /* Release */,
			);
			defaultConfigurationIsVisible = 0;
			defaultConfigurationName = Release;
		};
		A61A80861D77E2900082E80F /* Build configuration list for PBXNativeTarget "TimelineKeepingUITests" */ = {
			isa = XCConfigurationList;
			buildConfigurations = (
				A61A80871D77E2900082E80F /* Debug */,
				A61A80881D77E2900082E80F /* Release */,
			);
			defaultConfigurationIsVisible = 0;
			defaultConfigurationName = Release;
		};
/* End XCConfigurationList section */
	};
	rootObject = A61A80501D77E2900082E80F /* Project object */;
}
