PODS:
  - Alamofire (3.5.1)
  - EstimoteSDK (4.11.2)
  - OneSignal (2.2.3)
  - Realm (2.1.0):
    - Realm/Headers (= 2.1.0)
  - Realm/Headers (2.1.0)
  - RealmSwift (2.1.0):
    - Realm (= 2.1.0)
  - TanLT1Extensions (0.1.0)

DEPENDENCIES:
  - Alamofire (~> 3.5)
  - EstimoteSDK
  - OneSignal
  - RealmSwift
  - TanLT1Extensions

SPEC CHECKSUMS:
  Alamofire: 0dfba1184a543e2aa160f4e39cac4e8aba48d223
  EstimoteSDK: 79e289736d75b56bbd8ecb4cf518c3a007c6fb49
  OneSignal: 5fb2b0bce3be5a7cbb5f2d357e26f03a96c4859a
  Realm: bc829ad0ef3d4eea70c34cfcc3b1704d18d50df1
  RealmSwift: a4d4abbf0088c337cab5b738054395842e4b3052
  TanLT1Extensions: 8a53ac053164e7c4b35efe204dc0b711d6b1c60c

PODFILE CHECKSUM: e7e2cab4d4bdc9bddffaaf6834a4cf53eb67d1d5

COCOAPODS: 1.1.0.beta.1
