PODS:
  - Alamofire (3.5.1)
  - EstimoteSDK (4.9.0)
  - OneSignal (2.1.16)
  - TanLT1Extensions (0.1.0)

DEPENDENCIES:
  - Alamofire (~> 3.4)
  - EstimoteSDK
  - OneSignal
  - TanLT1Extensions

SPEC CHECKSUMS:
  Alamofire: 0dfba1184a543e2aa160f4e39cac4e8aba48d223
  EstimoteSDK: fe53a20d47d5bec1bbbf62c4610729fa21aa73a8
  OneSignal: 7a4272f857d3005949f83a373868c5c98d02f203
  TanLT1Extensions: 8a53ac053164e7c4b35efe204dc0b711d6b1c60c

PODFILE CHECKSUM: 72c5f81a329c5e4973c728ca054d4cda041d9342

COCOAPODS: 1.1.0.beta.1
